
Microsoft Visual Studio Solution File, Format Version 12.00
# Visual Studio Version 17
VisualStudioVersion = 17.8.34322.80
MinimumVisualStudioVersion = 10.0.40219.1
Project("{FAE04EC0-301F-11D3-BF4B-00C04F79EFBC}") = "ChatClientWinForms", "ChatClientWinForms.csproj", "{1615F859-249D-4903-8209-10C61DAB390B}"
EndProject
Global
	GlobalSection(SolutionConfigurationPlatforms) = preSolution
		Debug|Any CPU = Debug|Any CPU
		Release|Any CPU = Release|Any CPU
	EndGlobalSection
	GlobalSection(ProjectConfigurationPlatforms) = postSolution
		{1615F859-249D-4903-8209-10C61DAB390B}.Debug|Any CPU.ActiveCfg = Debug|Any CPU
		{1615F859-249D-4903-8209-10C61DAB390B}.Debug|Any CPU.Build.0 = Debug|Any CPU
		{1615F859-249D-4903-8209-10C61DAB390B}.Release|Any CPU.ActiveCfg = Release|Any CPU
		{1615F859-249D-4903-8209-10C61DAB390B}.Release|Any CPU.Build.0 = Release|Any CPU
	EndGlobalSection
	GlobalSection(SolutionProperties) = preSolution
		HideSolutionNode = FALSE
	EndGlobalSection
	GlobalSection(ExtensibilityGlobals) = postSolution
		SolutionGuid = {1B737503-2931-40B5-9582-A280F0B25F5E}
	EndGlobalSection
EndGlobal
